
Microsoft Visual Studio Solution File, Format Version 11.00
# Visual Studio 2010
Project("{2150E333-8FDC-42A3-9474-1A3956D46DE8}") = "Solution Items", "Solution Items", "{E6FEDB43-0CE3-4E84-8A06-98172A811DB8}"
EndProject
Project("{FAE04EC0-301F-11D3-BF4B-00C04F79EFBC}") = "BusinessObjects", "BusinessObjects\BusinessObjects.csproj", "{AA266C62-8013-46B8-9D0C-AEE5F1884C75}"
EndProject
Project("{FAE04EC0-301F-11D3-BF4B-00C04F79EFBC}") = "Gc.WebControls", "Gc.WebControls\Gc.WebControls.csproj", "{819A62B9-BBC2-4AFC-8857-4E307396E75D}"
EndProject
Project("{FAE04EC0-301F-11D3-BF4B-00C04F79EFBC}") = "lib", "lib\lib.csproj", "{3F9C9A0B-3D5E-44B5-8DBA-BD40BD6D17AC}"
EndProject
Project("{FAE04EC0-301F-11D3-BF4B-00C04F79EFBC}") = "VitasoyOA.WindowsService", "VitasoyOA.WindowsService\VitasoyOA.WindowsService.csproj", "{3F0D63D3-B710-4C21-BB7F-7F728641F2C8}"
EndProject
Project("{FAE04EC0-301F-11D3-BF4B-00C04F79EFBC}") = "WebUI", "WebUI\WebUI.csproj", "{F24F90C1-7E02-4E8C-80E1-F0032EF91CDA}"
EndProject
Project("{FAE04EC0-301F-11D3-BF4B-00C04F79EFBC}") = "ConsoleApplication1", "ConsoleApplication1\ConsoleApplication1.csproj", "{32C5792E-60AC-45EC-9290-3B27F6C994B2}"
EndProject
Global
	GlobalSection(SolutionConfigurationPlatforms) = preSolution
		Debug|.NET = Debug|.NET
		Debug|Any CPU = Debug|Any CPU
		Debug|Mixed Platforms = Debug|Mixed Platforms
		Debug|x86 = Debug|x86
		DebugLocal|.NET = DebugLocal|.NET
		DebugLocal|Any CPU = DebugLocal|Any CPU
		DebugLocal|Mixed Platforms = DebugLocal|Mixed Platforms
		DebugLocal|x86 = DebugLocal|x86
		Production|.NET = Production|.NET
		Production|Any CPU = Production|Any CPU
		Production|Mixed Platforms = Production|Mixed Platforms
		Production|x86 = Production|x86
		Release|.NET = Release|.NET
		Release|Any CPU = Release|Any CPU
		Release|Mixed Platforms = Release|Mixed Platforms
		Release|x86 = Release|x86
	EndGlobalSection
	GlobalSection(ProjectConfigurationPlatforms) = postSolution
		{AA266C62-8013-46B8-9D0C-AEE5F1884C75}.Debug|.NET.ActiveCfg = Debug|Any CPU
		{AA266C62-8013-46B8-9D0C-AEE5F1884C75}.Debug|Any CPU.ActiveCfg = Debug|Any CPU
		{AA266C62-8013-46B8-9D0C-AEE5F1884C75}.Debug|Any CPU.Build.0 = Debug|Any CPU
		{AA266C62-8013-46B8-9D0C-AEE5F1884C75}.Debug|Mixed Platforms.ActiveCfg = Debug|Any CPU
		{AA266C62-8013-46B8-9D0C-AEE5F1884C75}.Debug|Mixed Platforms.Build.0 = Debug|Any CPU
		{AA266C62-8013-46B8-9D0C-AEE5F1884C75}.Debug|x86.ActiveCfg = Debug|Any CPU
		{AA266C62-8013-46B8-9D0C-AEE5F1884C75}.DebugLocal|.NET.ActiveCfg = Debug|Any CPU
		{AA266C62-8013-46B8-9D0C-AEE5F1884C75}.DebugLocal|Any CPU.ActiveCfg = Debug|Any CPU
		{AA266C62-8013-46B8-9D0C-AEE5F1884C75}.DebugLocal|Any CPU.Build.0 = Debug|Any CPU
		{AA266C62-8013-46B8-9D0C-AEE5F1884C75}.DebugLocal|Mixed Platforms.ActiveCfg = Debug|Any CPU
		{AA266C62-8013-46B8-9D0C-AEE5F1884C75}.DebugLocal|Mixed Platforms.Build.0 = Debug|Any CPU
		{AA266C62-8013-46B8-9D0C-AEE5F1884C75}.DebugLocal|x86.ActiveCfg = Debug|Any CPU
		{AA266C62-8013-46B8-9D0C-AEE5F1884C75}.Production|.NET.ActiveCfg = Release|Any CPU
		{AA266C62-8013-46B8-9D0C-AEE5F1884C75}.Production|Any CPU.ActiveCfg = Release|Any CPU
		{AA266C62-8013-46B8-9D0C-AEE5F1884C75}.Production|Any CPU.Build.0 = Release|Any CPU
		{AA266C62-8013-46B8-9D0C-AEE5F1884C75}.Production|Mixed Platforms.ActiveCfg = Release|Any CPU
		{AA266C62-8013-46B8-9D0C-AEE5F1884C75}.Production|Mixed Platforms.Build.0 = Release|Any CPU
		{AA266C62-8013-46B8-9D0C-AEE5F1884C75}.Production|x86.ActiveCfg = Release|Any CPU
		{AA266C62-8013-46B8-9D0C-AEE5F1884C75}.Release|.NET.ActiveCfg = Release|Any CPU
		{AA266C62-8013-46B8-9D0C-AEE5F1884C75}.Release|Any CPU.ActiveCfg = Release|Any CPU
		{AA266C62-8013-46B8-9D0C-AEE5F1884C75}.Release|Any CPU.Build.0 = Release|Any CPU
		{AA266C62-8013-46B8-9D0C-AEE5F1884C75}.Release|Mixed Platforms.ActiveCfg = Release|Any CPU
		{AA266C62-8013-46B8-9D0C-AEE5F1884C75}.Release|Mixed Platforms.Build.0 = Release|Any CPU
		{AA266C62-8013-46B8-9D0C-AEE5F1884C75}.Release|x86.ActiveCfg = Release|Any CPU
		{819A62B9-BBC2-4AFC-8857-4E307396E75D}.Debug|.NET.ActiveCfg = Debug|Any CPU
		{819A62B9-BBC2-4AFC-8857-4E307396E75D}.Debug|Any CPU.ActiveCfg = Debug|Any CPU
		{819A62B9-BBC2-4AFC-8857-4E307396E75D}.Debug|Any CPU.Build.0 = Debug|Any CPU
		{819A62B9-BBC2-4AFC-8857-4E307396E75D}.Debug|Mixed Platforms.ActiveCfg = Debug|Any CPU
		{819A62B9-BBC2-4AFC-8857-4E307396E75D}.Debug|Mixed Platforms.Build.0 = Debug|Any CPU
		{819A62B9-BBC2-4AFC-8857-4E307396E75D}.Debug|x86.ActiveCfg = Debug|Any CPU
		{819A62B9-BBC2-4AFC-8857-4E307396E75D}.DebugLocal|.NET.ActiveCfg = Debug|Any CPU
		{819A62B9-BBC2-4AFC-8857-4E307396E75D}.DebugLocal|Any CPU.ActiveCfg = Debug|Any CPU
		{819A62B9-BBC2-4AFC-8857-4E307396E75D}.DebugLocal|Any CPU.Build.0 = Debug|Any CPU
		{819A62B9-BBC2-4AFC-8857-4E307396E75D}.DebugLocal|Mixed Platforms.ActiveCfg = Debug|Any CPU
		{819A62B9-BBC2-4AFC-8857-4E307396E75D}.DebugLocal|Mixed Platforms.Build.0 = Debug|Any CPU
		{819A62B9-BBC2-4AFC-8857-4E307396E75D}.DebugLocal|x86.ActiveCfg = Debug|Any CPU
		{819A62B9-BBC2-4AFC-8857-4E307396E75D}.Production|.NET.ActiveCfg = Release|Any CPU
		{819A62B9-BBC2-4AFC-8857-4E307396E75D}.Production|Any CPU.ActiveCfg = Release|Any CPU
		{819A62B9-BBC2-4AFC-8857-4E307396E75D}.Production|Any CPU.Build.0 = Release|Any CPU
		{819A62B9-BBC2-4AFC-8857-4E307396E75D}.Production|Mixed Platforms.ActiveCfg = Release|Any CPU
		{819A62B9-BBC2-4AFC-8857-4E307396E75D}.Production|Mixed Platforms.Build.0 = Release|Any CPU
		{819A62B9-BBC2-4AFC-8857-4E307396E75D}.Production|x86.ActiveCfg = Release|Any CPU
		{819A62B9-BBC2-4AFC-8857-4E307396E75D}.Release|.NET.ActiveCfg = Release|Any CPU
		{819A62B9-BBC2-4AFC-8857-4E307396E75D}.Release|Any CPU.ActiveCfg = Release|Any CPU
		{819A62B9-BBC2-4AFC-8857-4E307396E75D}.Release|Any CPU.Build.0 = Release|Any CPU
		{819A62B9-BBC2-4AFC-8857-4E307396E75D}.Release|Mixed Platforms.ActiveCfg = Release|Any CPU
		{819A62B9-BBC2-4AFC-8857-4E307396E75D}.Release|Mixed Platforms.Build.0 = Release|Any CPU
		{819A62B9-BBC2-4AFC-8857-4E307396E75D}.Release|x86.ActiveCfg = Release|Any CPU
		{3F9C9A0B-3D5E-44B5-8DBA-BD40BD6D17AC}.Debug|.NET.ActiveCfg = Debug|Any CPU
		{3F9C9A0B-3D5E-44B5-8DBA-BD40BD6D17AC}.Debug|Any CPU.ActiveCfg = Debug|Any CPU
		{3F9C9A0B-3D5E-44B5-8DBA-BD40BD6D17AC}.Debug|Any CPU.Build.0 = Debug|Any CPU
		{3F9C9A0B-3D5E-44B5-8DBA-BD40BD6D17AC}.Debug|Mixed Platforms.ActiveCfg = Debug|Any CPU
		{3F9C9A0B-3D5E-44B5-8DBA-BD40BD6D17AC}.Debug|Mixed Platforms.Build.0 = Debug|Any CPU
		{3F9C9A0B-3D5E-44B5-8DBA-BD40BD6D17AC}.Debug|x86.ActiveCfg = Debug|Any CPU
		{3F9C9A0B-3D5E-44B5-8DBA-BD40BD6D17AC}.DebugLocal|.NET.ActiveCfg = Debug|Any CPU
		{3F9C9A0B-3D5E-44B5-8DBA-BD40BD6D17AC}.DebugLocal|Any CPU.ActiveCfg = Debug|Any CPU
		{3F9C9A0B-3D5E-44B5-8DBA-BD40BD6D17AC}.DebugLocal|Any CPU.Build.0 = Debug|Any CPU
		{3F9C9A0B-3D5E-44B5-8DBA-BD40BD6D17AC}.DebugLocal|Mixed Platforms.ActiveCfg = Debug|Any CPU
		{3F9C9A0B-3D5E-44B5-8DBA-BD40BD6D17AC}.DebugLocal|Mixed Platforms.Build.0 = Debug|Any CPU
		{3F9C9A0B-3D5E-44B5-8DBA-BD40BD6D17AC}.DebugLocal|x86.ActiveCfg = Debug|Any CPU
		{3F9C9A0B-3D5E-44B5-8DBA-BD40BD6D17AC}.Production|.NET.ActiveCfg = Release|Any CPU
		{3F9C9A0B-3D5E-44B5-8DBA-BD40BD6D17AC}.Production|Any CPU.ActiveCfg = Release|Any CPU
		{3F9C9A0B-3D5E-44B5-8DBA-BD40BD6D17AC}.Production|Any CPU.Build.0 = Release|Any CPU
		{3F9C9A0B-3D5E-44B5-8DBA-BD40BD6D17AC}.Production|Mixed Platforms.ActiveCfg = Release|Any CPU
		{3F9C9A0B-3D5E-44B5-8DBA-BD40BD6D17AC}.Production|Mixed Platforms.Build.0 = Release|Any CPU
		{3F9C9A0B-3D5E-44B5-8DBA-BD40BD6D17AC}.Production|x86.ActiveCfg = Release|Any CPU
		{3F9C9A0B-3D5E-44B5-8DBA-BD40BD6D17AC}.Release|.NET.ActiveCfg = Release|Any CPU
		{3F9C9A0B-3D5E-44B5-8DBA-BD40BD6D17AC}.Release|Any CPU.ActiveCfg = Release|Any CPU
		{3F9C9A0B-3D5E-44B5-8DBA-BD40BD6D17AC}.Release|Any CPU.Build.0 = Release|Any CPU
		{3F9C9A0B-3D5E-44B5-8DBA-BD40BD6D17AC}.Release|Mixed Platforms.ActiveCfg = Release|Any CPU
		{3F9C9A0B-3D5E-44B5-8DBA-BD40BD6D17AC}.Release|Mixed Platforms.Build.0 = Release|Any CPU
		{3F9C9A0B-3D5E-44B5-8DBA-BD40BD6D17AC}.Release|x86.ActiveCfg = Release|Any CPU
		{3F0D63D3-B710-4C21-BB7F-7F728641F2C8}.Debug|.NET.ActiveCfg = Debug|x86
		{3F0D63D3-B710-4C21-BB7F-7F728641F2C8}.Debug|Any CPU.ActiveCfg = Debug|x86
		{3F0D63D3-B710-4C21-BB7F-7F728641F2C8}.Debug|Mixed Platforms.ActiveCfg = Debug|x86
		{3F0D63D3-B710-4C21-BB7F-7F728641F2C8}.Debug|Mixed Platforms.Build.0 = Debug|x86
		{3F0D63D3-B710-4C21-BB7F-7F728641F2C8}.Debug|x86.ActiveCfg = Debug|x86
		{3F0D63D3-B710-4C21-BB7F-7F728641F2C8}.Debug|x86.Build.0 = Debug|x86
		{3F0D63D3-B710-4C21-BB7F-7F728641F2C8}.DebugLocal|.NET.ActiveCfg = Debug|x86
		{3F0D63D3-B710-4C21-BB7F-7F728641F2C8}.DebugLocal|Any CPU.ActiveCfg = Debug|x86
		{3F0D63D3-B710-4C21-BB7F-7F728641F2C8}.DebugLocal|Mixed Platforms.ActiveCfg = Debug|x86
		{3F0D63D3-B710-4C21-BB7F-7F728641F2C8}.DebugLocal|Mixed Platforms.Build.0 = Debug|x86
		{3F0D63D3-B710-4C21-BB7F-7F728641F2C8}.DebugLocal|x86.ActiveCfg = Debug|x86
		{3F0D63D3-B710-4C21-BB7F-7F728641F2C8}.DebugLocal|x86.Build.0 = Debug|x86
		{3F0D63D3-B710-4C21-BB7F-7F728641F2C8}.Production|.NET.ActiveCfg = Release|x86
		{3F0D63D3-B710-4C21-BB7F-7F728641F2C8}.Production|Any CPU.ActiveCfg = Release|x86
		{3F0D63D3-B710-4C21-BB7F-7F728641F2C8}.Production|Mixed Platforms.ActiveCfg = Release|x86
		{3F0D63D3-B710-4C21-BB7F-7F728641F2C8}.Production|Mixed Platforms.Build.0 = Release|x86
		{3F0D63D3-B710-4C21-BB7F-7F728641F2C8}.Production|x86.ActiveCfg = Release|x86
		{3F0D63D3-B710-4C21-BB7F-7F728641F2C8}.Production|x86.Build.0 = Release|x86
		{3F0D63D3-B710-4C21-BB7F-7F728641F2C8}.Release|.NET.ActiveCfg = Release|x86
		{3F0D63D3-B710-4C21-BB7F-7F728641F2C8}.Release|Any CPU.ActiveCfg = Release|x86
		{3F0D63D3-B710-4C21-BB7F-7F728641F2C8}.Release|Mixed Platforms.ActiveCfg = Release|x86
		{3F0D63D3-B710-4C21-BB7F-7F728641F2C8}.Release|Mixed Platforms.Build.0 = Release|x86
		{3F0D63D3-B710-4C21-BB7F-7F728641F2C8}.Release|x86.ActiveCfg = Release|x86
		{3F0D63D3-B710-4C21-BB7F-7F728641F2C8}.Release|x86.Build.0 = Release|x86
		{F24F90C1-7E02-4E8C-80E1-F0032EF91CDA}.Debug|.NET.ActiveCfg = Debug|Any CPU
		{F24F90C1-7E02-4E8C-80E1-F0032EF91CDA}.Debug|Any CPU.ActiveCfg = Debug|Any CPU
		{F24F90C1-7E02-4E8C-80E1-F0032EF91CDA}.Debug|Any CPU.Build.0 = Debug|Any CPU
		{F24F90C1-7E02-4E8C-80E1-F0032EF91CDA}.Debug|Mixed Platforms.ActiveCfg = Debug|Any CPU
		{F24F90C1-7E02-4E8C-80E1-F0032EF91CDA}.Debug|Mixed Platforms.Build.0 = Debug|Any CPU
		{F24F90C1-7E02-4E8C-80E1-F0032EF91CDA}.Debug|x86.ActiveCfg = Debug|Any CPU
		{F24F90C1-7E02-4E8C-80E1-F0032EF91CDA}.DebugLocal|.NET.ActiveCfg = Debug|Any CPU
		{F24F90C1-7E02-4E8C-80E1-F0032EF91CDA}.DebugLocal|Any CPU.ActiveCfg = Debug|Any CPU
		{F24F90C1-7E02-4E8C-80E1-F0032EF91CDA}.DebugLocal|Any CPU.Build.0 = Debug|Any CPU
		{F24F90C1-7E02-4E8C-80E1-F0032EF91CDA}.DebugLocal|Mixed Platforms.ActiveCfg = Debug|Any CPU
		{F24F90C1-7E02-4E8C-80E1-F0032EF91CDA}.DebugLocal|Mixed Platforms.Build.0 = Debug|Any CPU
		{F24F90C1-7E02-4E8C-80E1-F0032EF91CDA}.DebugLocal|x86.ActiveCfg = Debug|Any CPU
		{F24F90C1-7E02-4E8C-80E1-F0032EF91CDA}.Production|.NET.ActiveCfg = Release|Any CPU
		{F24F90C1-7E02-4E8C-80E1-F0032EF91CDA}.Production|Any CPU.ActiveCfg = Release|Any CPU
		{F24F90C1-7E02-4E8C-80E1-F0032EF91CDA}.Production|Any CPU.Build.0 = Release|Any CPU
		{F24F90C1-7E02-4E8C-80E1-F0032EF91CDA}.Production|Mixed Platforms.ActiveCfg = Release|Any CPU
		{F24F90C1-7E02-4E8C-80E1-F0032EF91CDA}.Production|Mixed Platforms.Build.0 = Release|Any CPU
		{F24F90C1-7E02-4E8C-80E1-F0032EF91CDA}.Production|x86.ActiveCfg = Release|Any CPU
		{F24F90C1-7E02-4E8C-80E1-F0032EF91CDA}.Release|.NET.ActiveCfg = Release|Any CPU
		{F24F90C1-7E02-4E8C-80E1-F0032EF91CDA}.Release|Any CPU.ActiveCfg = Release|Any CPU
		{F24F90C1-7E02-4E8C-80E1-F0032EF91CDA}.Release|Any CPU.Build.0 = Release|Any CPU
		{F24F90C1-7E02-4E8C-80E1-F0032EF91CDA}.Release|Mixed Platforms.ActiveCfg = Release|Any CPU
		{F24F90C1-7E02-4E8C-80E1-F0032EF91CDA}.Release|Mixed Platforms.Build.0 = Release|Any CPU
		{F24F90C1-7E02-4E8C-80E1-F0032EF91CDA}.Release|x86.ActiveCfg = Release|Any CPU
		{32C5792E-60AC-45EC-9290-3B27F6C994B2}.Debug|.NET.ActiveCfg = Debug|x86
		{32C5792E-60AC-45EC-9290-3B27F6C994B2}.Debug|Any CPU.ActiveCfg = Debug|x86
		{32C5792E-60AC-45EC-9290-3B27F6C994B2}.Debug|Mixed Platforms.ActiveCfg = Debug|x86
		{32C5792E-60AC-45EC-9290-3B27F6C994B2}.Debug|Mixed Platforms.Build.0 = Debug|x86
		{32C5792E-60AC-45EC-9290-3B27F6C994B2}.Debug|x86.ActiveCfg = Debug|x86
		{32C5792E-60AC-45EC-9290-3B27F6C994B2}.Debug|x86.Build.0 = Debug|x86
		{32C5792E-60AC-45EC-9290-3B27F6C994B2}.DebugLocal|.NET.ActiveCfg = Debug|x86
		{32C5792E-60AC-45EC-9290-3B27F6C994B2}.DebugLocal|Any CPU.ActiveCfg = Debug|x86
		{32C5792E-60AC-45EC-9290-3B27F6C994B2}.DebugLocal|Mixed Platforms.ActiveCfg = Debug|x86
		{32C5792E-60AC-45EC-9290-3B27F6C994B2}.DebugLocal|Mixed Platforms.Build.0 = Debug|x86
		{32C5792E-60AC-45EC-9290-3B27F6C994B2}.DebugLocal|x86.ActiveCfg = Debug|x86
		{32C5792E-60AC-45EC-9290-3B27F6C994B2}.DebugLocal|x86.Build.0 = Debug|x86
		{32C5792E-60AC-45EC-9290-3B27F6C994B2}.Production|.NET.ActiveCfg = Release|x86
		{32C5792E-60AC-45EC-9290-3B27F6C994B2}.Production|Any CPU.ActiveCfg = Release|x86
		{32C5792E-60AC-45EC-9290-3B27F6C994B2}.Production|Mixed Platforms.ActiveCfg = Release|x86
		{32C5792E-60AC-45EC-9290-3B27F6C994B2}.Production|Mixed Platforms.Build.0 = Release|x86
		{32C5792E-60AC-45EC-9290-3B27F6C994B2}.Production|x86.ActiveCfg = Release|x86
		{32C5792E-60AC-45EC-9290-3B27F6C994B2}.Production|x86.Build.0 = Release|x86
		{32C5792E-60AC-45EC-9290-3B27F6C994B2}.Release|.NET.ActiveCfg = Release|x86
		{32C5792E-60AC-45EC-9290-3B27F6C994B2}.Release|Any CPU.ActiveCfg = Release|x86
		{32C5792E-60AC-45EC-9290-3B27F6C994B2}.Release|Mixed Platforms.ActiveCfg = Release|x86
		{32C5792E-60AC-45EC-9290-3B27F6C994B2}.Release|Mixed Platforms.Build.0 = Release|x86
		{32C5792E-60AC-45EC-9290-3B27F6C994B2}.Release|x86.ActiveCfg = Release|x86
		{32C5792E-60AC-45EC-9290-3B27F6C994B2}.Release|x86.Build.0 = Release|x86
	EndGlobalSection
	GlobalSection(SolutionProperties) = preSolution
		HideSolutionNode = FALSE
	EndGlobalSection
EndGlobal
